
Microsoft Visual Studio Solution File, Format Version 12.00
# Visual Studio Version 17
VisualStudioVersion = 17.5.002.0
MinimumVisualStudioVersion = 10.0.40219.1
Project("{9A19103F-16F7-4668-BE54-9A1E7A4F7556}") = "az204-blob", "az204-blob\az204-blob.csproj", "{7DD8F9B2-E4A9-40CB-A34A-252517186C53}"
EndProject
Global
	GlobalSection(SolutionConfigurationPlatforms) = preSolution
		Debug|Any CPU = Debug|Any CPU
		Release|Any CPU = Release|Any CPU
	EndGlobalSection
	GlobalSection(ProjectConfigurationPlatforms) = postSolution
		{7DD8F9B2-E4A9-40CB-A34A-252517186C53}.Debug|Any CPU.ActiveCfg = Debug|Any CPU
		{7DD8F9B2-E4A9-40CB-A34A-252517186C53}.Debug|Any CPU.Build.0 = Debug|Any CPU
		{7DD8F9B2-E4A9-40CB-A34A-252517186C53}.Release|Any CPU.ActiveCfg = Release|Any CPU
		{7DD8F9B2-E4A9-40CB-A34A-252517186C53}.Release|Any CPU.Build.0 = Release|Any CPU
	EndGlobalSection
	GlobalSection(SolutionProperties) = preSolution
		HideSolutionNode = FALSE
	EndGlobalSection
	GlobalSection(ExtensibilityGlobals) = postSolution
		SolutionGuid = {1000610B-B472-4D4D-8E75-F331ED150A38}
	EndGlobalSection
EndGlobal
